// !$*UTF8*$!
{
	archiveVersion = 1;
	classes = {
	};
	objectVersion = 50;
	objects = {

/* Begin PBXBuildFile section */
		CBB0C19F20F89A2E007B0BF5 /* Message.swift in Sources */ = {isa = PBXBuildFile; fileRef = CBB0C19E20F89A2E007B0BF5 /* Message.swift */; };
		CBD5247E20F77B3C00DACD61 /* AppDelegate.swift in Sources */ = {isa = PBXBuildFile; fileRef = CBD5247D20F77B3C00DACD61 /* AppDelegate.swift */; };
		CBD5248320F77B3C00DACD61 /* Main.storyboard in Resources */ = {isa = PBXBuildFile; fileRef = CBD5248120F77B3C00DACD61 /* Main.storyboard */; };
		CBD5248520F77B4400DACD61 /* Assets.xcassets in Resources */ = {isa = PBXBuildFile; fileRef = CBD5248420F77B4400DACD61 /* Assets.xcassets */; };
		CBD5248820F77B4400DACD61 /* LaunchScreen.storyboard in Resources */ = {isa = PBXBuildFile; fileRef = CBD5248620F77B4400DACD61 /* LaunchScreen.storyboard */; };
		CBD5249320F7891F00DACD61 /* WelcomeViewController.swift in Sources */ = {isa = PBXBuildFile; fileRef = CBD5249220F7891F00DACD61 /* WelcomeViewController.swift */; };
		CBD5249520F79C6600DACD61 /* ChatViewController.swift in Sources */ = {isa = PBXBuildFile; fileRef = CBD5249420F79C6600DACD61 /* ChatViewController.swift */; };
/* End PBXBuildFile section */

/* Begin PBXFileReference section */
		CBB0C19E20F89A2E007B0BF5 /* Message.swift */ = {isa = PBXFileReference; lastKnownFileType = sourcecode.swift; path = Message.swift; sourceTree = "<group>"; };
		CBD5247A20F77B3C00DACD61 /* CoolChat.app */ = {isa = PBXFileReference; explicitFileType = wrapper.application; includeInIndex = 0; path = CoolChat.app; sourceTree = BUILT_PRODUCTS_DIR; };
		CBD5247D20F77B3C00DACD61 /* AppDelegate.swift */ = {isa = PBXFileReference; lastKnownFileType = sourcecode.swift; path = AppDelegate.swift; sourceTree = "<group>"; };
		CBD5248220F77B3C00DACD61 /* Base */ = {isa = PBXFileReference; lastKnownFileType = file.storyboard; name = Base; path = Base.lproj/Main.storyboard; sourceTree = "<group>"; };
		CBD5248420F77B4400DACD61 /* Assets.xcassets */ = {isa = PBXFileReference; lastKnownFileType = folder.assetcatalog; path = Assets.xcassets; sourceTree = "<group>"; };
		CBD5248720F77B4400DACD61 /* Base */ = {isa = PBXFileReference; lastKnownFileType = file.storyboard; name = Base; path = Base.lproj/LaunchScreen.storyboard; sourceTree = "<group>"; };
		CBD5248920F77B4400DACD61 /* Info.plist */ = {isa = PBXFileReference; lastKnownFileType = text.plist.xml; path = Info.plist; sourceTree = "<group>"; };
		CBD5249220F7891F00DACD61 /* WelcomeViewController.swift */ = {isa = PBXFileReference; lastKnownFileType = sourcecode.swift; path = WelcomeViewController.swift; sourceTree = "<group>"; };
		CBD5249420F79C6600DACD61 /* ChatViewController.swift */ = {isa = PBXFileReference; lastKnownFileType = sourcecode.swift; path = ChatViewController.swift; sourceTree = "<group>"; };
/* End PBXFileReference section */

/* Begin PBXFrameworksBuildPhase section */
		CBD5247720F77B3C00DACD61 /* Frameworks */ = {
			isa = PBXFrameworksBuildPhase;
			buildActionMask = 2147483647;
			files = (
			);
			runOnlyForDeploymentPostprocessing = 0;
		};
/* End PBXFrameworksBuildPhase section */

/* Begin PBXGroup section */
		CBD5247120F77B3C00DACD61 = {
			isa = PBXGroup;
			children = (
				CBD5247C20F77B3C00DACD61 /* CoolChat */,
				CBD5247B20F77B3C00DACD61 /* Products */,
			);
			sourceTree = "<group>";
		};
		CBD5247B20F77B3C00DACD61 /* Products */ = {
			isa = PBXGroup;
			children = (
				CBD5247A20F77B3C00DACD61 /* CoolChat.app */,
			);
			name = Products;
			sourceTree = "<group>";
		};
		CBD5247C20F77B3C00DACD61 /* CoolChat */ = {
			isa = PBXGroup;
			children = (
				CBD5249120F7866F00DACD61 /* Controller */,
				CBD5249020F7866100DACD61 /* View */,
				CBD5248F20F7865800DACD61 /* Model */,
				CBD5247D20F77B3C00DACD61 /* AppDelegate.swift */,
				CBD5248120F77B3C00DACD61 /* Main.storyboard */,
				CBD5248420F77B4400DACD61 /* Assets.xcassets */,
				CBD5248620F77B4400DACD61 /* LaunchScreen.storyboard */,
				CBD5248920F77B4400DACD61 /* Info.plist */,
			);
			path = CoolChat;
			sourceTree = "<group>";
		};
		CBD5248F20F7865800DACD61 /* Model */ = {
			isa = PBXGroup;
			children = (
				CBB0C19E20F89A2E007B0BF5 /* Message.swift */,
			);
			path = Model;
			sourceTree = "<group>";
		};
		CBD5249020F7866100DACD61 /* View */ = {
			isa = PBXGroup;
			children = (
			);
			path = View;
			sourceTree = "<group>";
		};
		CBD5249120F7866F00DACD61 /* Controller */ = {
			isa = PBXGroup;
			children = (
				CBD5249220F7891F00DACD61 /* WelcomeViewController.swift */,
				CBD5249420F79C6600DACD61 /* ChatViewController.swift */,
			);
			path = Controller;
			sourceTree = "<group>";
		};
/* End PBXGroup section */

/* Begin PBXNativeTarget section */
		CBD5247920F77B3C00DACD61 /* CoolChat */ = {
			isa = PBXNativeTarget;
			buildConfigurationList = CBD5248C20F77B4400DACD61 /* Build configuration list for PBXNativeTarget "CoolChat" */;
			buildPhases = (
				CBD5247620F77B3C00DACD61 /* Sources */,
				CBD5247720F77B3C00DACD61 /* Frameworks */,
				CBD5247820F77B3C00DACD61 /* Resources */,
			);
			buildRules = (
			);
			dependencies = (
			);
			name = CoolChat;
			productName = CoolChat;
			productReference = CBD5247A20F77B3C00DACD61 /* CoolChat.app */;
			productType = "com.apple.product-type.application";
		};
/* End PBXNativeTarget section */

/* Begin PBXProject section */
		CBD5247220F77B3C00DACD61 /* Project object */ = {
			isa = PBXProject;
			attributes = {
				LastSwiftUpdateCheck = 0940;
				LastUpgradeCheck = 0940;
				ORGANIZATIONNAME = ICT;
				TargetAttributes = {
					CBD5247920F77B3C00DACD61 = {
						CreatedOnToolsVersion = 9.4.1;
					};
				};
			};
			buildConfigurationList = CBD5247520F77B3C00DACD61 /* Build configuration list for PBXProject "CoolChat" */;
			compatibilityVersion = "Xcode 9.3";
			developmentRegion = en;
			hasScannedForEncodings = 0;
			knownRegions = (
				en,
				Base,
			);
			mainGroup = CBD5247120F77B3C00DACD61;
			productRefGroup = CBD5247B20F77B3C00DACD61 /* Products */;
			projectDirPath = "";
			projectRoot = "";
			targets = (
				CBD5247920F77B3C00DACD61 /* CoolChat */,
			);
		};
/* End PBXProject section */

/* Begin PBXResourcesBuildPhase section */
		CBD5247820F77B3C00DACD61 /* Resources */ = {
			isa = PBXResourcesBuildPhase;
			buildActionMask = 2147483647;
			files = (
				CBD5248820F77B4400DACD61 /* LaunchScreen.storyboard in Resources */,
				CBD5248520F77B4400DACD61 /* Assets.xcassets in Resources */,
				CBD5248320F77B3C00DACD61 /* Main.storyboard in Resources */,
			);
			runOnlyForDeploymentPostprocessing = 0;
		};
/* End PBXResourcesBuildPhase section */

/* Begin PBXSourcesBuildPhase section */
		CBD5247620F77B3C00DACD61 /* Sources */ = {
			isa = PBXSourcesBuildPhase;
			buildActionMask = 2147483647;
			files = (
				CBD5247E20F77B3C00DACD61 /* AppDelegate.swift in Sources */,
				CBB0C19F20F89A2E007B0BF5 /* Message.swift in Sources */,
				CBD5249520F79C6600DACD61 /* ChatViewController.swift in Sources */,
				CBD5249320F7891F00DACD61 /* WelcomeViewController.swift in Sources */,
			);
			runOnlyForDeploymentPostprocessing = 0;
		};
/* End PBXSourcesBuildPhase section */

/* Begin PBXVariantGroup section */
		CBD5248120F77B3C00DACD61 /* Main.storyboard */ = {
			isa = PBXVariantGroup;
			children = (
				CBD5248220F77B3C00DACD61 /* Base */,
			);
			name = Main.storyboard;
			sourceTree = "<group>";
		};
		CBD5248620F77B4400DACD61 /* LaunchScreen.storyboard */ = {
			isa = PBXVariantGroup;
			children = (
				CBD5248720F77B4400DACD61 /* Base */,
			);
			name = LaunchScreen.storyboard;
			sourceTree = "<group>";
		};
/* End PBXVariantGroup section */

/* Begin XCBuildConfiguration section */
		CBD5248A20F77B4400DACD61 /* Debug */ = {
			isa = XCBuildConfiguration;
			buildSettings = {
				ALWAYS_SEARCH_USER_PATHS = NO;
				CLANG_ANALYZER_NONNULL = YES;
				CLANG_ANALYZER_NUMBER_OBJECT_CONVERSION = YES_AGGRESSIVE;
				CLANG_CXX_LANGUAGE_STANDARD = "gnu++14";
				CLANG_CXX_LIBRARY = "libc++";
				CLANG_ENABLE_MODULES = YES;
				CLANG_ENABLE_OBJC_ARC = YES;
				CLANG_ENABLE_OBJC_WEAK = YES;
				CLANG_WARN_BLOCK_CAPTURE_AUTORELEASING = YES;
				CLANG_WARN_BOOL_CONVERSION = YES;
				CLANG_WARN_COMMA = YES;
				CLANG_WARN_CONSTANT_CONVERSION = YES;
				CLANG_WARN_DEPRECATED_OBJC_IMPLEMENTATIONS = YES;
				CLANG_WARN_DIRECT_OBJC_ISA_USAGE = YES_ERROR;
				CLANG_WARN_DOCUMENTATION_COMMENTS = YES;
				CLANG_WARN_EMPTY_BODY = YES;
				CLANG_WARN_ENUM_CONVERSION = YES;
				CLANG_WARN_INFINITE_RECURSION = YES;
				CLANG_WARN_INT_CONVERSION = YES;
				CLANG_WARN_NON_LITERAL_NULL_CONVERSION = YES;
				CLANG_WARN_OBJC_IMPLICIT_RETAIN_SELF = YES;
				CLANG_WARN_OBJC_LITERAL_CONVERSION = YES;
				CLANG_WARN_OBJC_ROOT_CLASS = YES_ERROR;
				CLANG_WARN_RANGE_LOOP_ANALYSIS = YES;
				CLANG_WARN_STRICT_PROTOTYPES = YES;
				CLANG_WARN_SUSPICIOUS_MOVE = YES;
				CLANG_WARN_UNGUARDED_AVAILABILITY = YES_AGGRESSIVE;
				CLANG_WARN_UNREACHABLE_CODE = YES;
				CLANG_WARN__DUPLICATE_METHOD_MATCH = YES;
				CODE_SIGN_IDENTITY = "iPhone Developer";
				COPY_PHASE_STRIP = NO;
				DEBUG_INFORMATION_FORMAT = dwarf;
				ENABLE_STRICT_OBJC_MSGSEND = YES;
				ENABLE_TESTABILITY = YES;
				GCC_C_LANGUAGE_STANDARD = gnu11;
				GCC_DYNAMIC_NO_PIC = NO;
				GCC_NO_COMMON_BLOCKS = YES;
				GCC_OPTIMIZATION_LEVEL = 0;
				GCC_PREPROCESSOR_DEFINITIONS = (
					"DEBUG=1",
					"$(inherited)",
				);
				GCC_WARN_64_TO_32_BIT_CONVERSION = YES;
				GCC_WARN_ABOUT_RETURN_TYPE = YES_ERROR;
				GCC_WARN_UNDECLARED_SELECTOR = YES;
				GCC_WARN_UNINITIALIZED_AUTOS = YES_AGGRESSIVE;
				GCC_WARN_UNUSED_FUNCTION = YES;
				GCC_WARN_UNUSED_VARIABLE = YES;
				IPHONEOS_DEPLOYMENT_TARGET = 11.4;
				MTL_ENABLE_DEBUG_INFO = YES;
				ONLY_ACTIVE_ARCH = YES;
				SDKROOT = iphoneos;
				SWIFT_ACTIVE_COMPILATION_CONDITIONS = DEBUG;
				SWIFT_OPTIMIZATION_LEVEL = "-Onone";
			};
			name = Debug;
		};
		CBD5248B20F77B4400DACD61 /* Release */ = {
			isa = XCBuildConfiguration;
			buildSettings = {
				ALWAYS_SEARCH_USER_PATHS = NO;
				CLANG_ANALYZER_NONNULL = YES;
				CLANG_ANALYZER_NUMBER_OBJECT_CONVERSION = YES_AGGRESSIVE;
				CLANG_CXX_LANGUAGE_STANDARD = "gnu++14";
				CLANG_CXX_LIBRARY = "libc++";
				CLANG_ENABLE_MODULES = YES;
				CLANG_ENABLE_OBJC_ARC = YES;
				CLANG_ENABLE_OBJC_WEAK = YES;
				CLANG_WARN_BLOCK_CAPTURE_AUTORELEASING = YES;
				CLANG_WARN_BOOL_CONVERSION = YES;
				CLANG_WARN_COMMA = YES;
				CLANG_WARN_CONSTANT_CONVERSION = YES;
				CLANG_WARN_DEPRECATED_OBJC_IMPLEMENTATIONS = YES;
				CLANG_WARN_DIRECT_OBJC_ISA_USAGE = YES_ERROR;
				CLANG_WARN_DOCUMENTATION_COMMENTS = YES;
				CLANG_WARN_EMPTY_BODY = YES;
				CLANG_WARN_ENUM_CONVERSION = YES;
				CLANG_WARN_INFINITE_RECURSION = YES;
				CLANG_WARN_INT_CONVERSION = YES;
				CLANG_WARN_NON_LITERAL_NULL_CONVERSION = YES;
				CLANG_WARN_OBJC_IMPLICIT_RETAIN_SELF = YES;
				CLANG_WARN_OBJC_LITERAL_CONVERSION = YES;
				CLANG_WARN_OBJC_ROOT_CLASS = YES_ERROR;
				CLANG_WARN_RANGE_LOOP_ANALYSIS = YES;
				CLANG_WARN_STRICT_PROTOTYPES = YES;
				CLANG_WARN_SUSPICIOUS_MOVE = YES;
				CLANG_WARN_UNGUARDED_AVAILABILITY = YES_AGGRESSIVE;
				CLANG_WARN_UNREACHABLE_CODE = YES;
				CLANG_WARN__DUPLICATE_METHOD_MATCH = YES;
				CODE_SIGN_IDENTITY = "iPhone Developer";
				COPY_PHASE_STRIP = NO;
				DEBUG_INFORMATION_FORMAT = "dwarf-with-dsym";
				ENABLE_NS_ASSERTIONS = NO;
				ENABLE_STRICT_OBJC_MSGSEND = YES;
				GCC_C_LANGUAGE_STANDARD = gnu11;
				GCC_NO_COMMON_BLOCKS = YES;
				GCC_WARN_64_TO_32_BIT_CONVERSION = YES;
				GCC_WARN_ABOUT_RETURN_TYPE = YES_ERROR;
				GCC_WARN_UNDECLARED_SELECTOR = YES;
				GCC_WARN_UNINITIALIZED_AUTOS = YES_AGGRESSIVE;
				GCC_WARN_UNUSED_FUNCTION = YES;
				GCC_WARN_UNUSED_VARIABLE = YES;
				IPHONEOS_DEPLOYMENT_TARGET = 11.4;
				MTL_ENABLE_DEBUG_INFO = NO;
				SDKROOT = iphoneos;
				SWIFT_COMPILATION_MODE = wholemodule;
				SWIFT_OPTIMIZATION_LEVEL = "-O";
				VALIDATE_PRODUCT = YES;
			};
			name = Release;
		};
		CBD5248D20F77B4400DACD61 /* Debug */ = {
			isa = XCBuildConfiguration;
			buildSettings = {
				ASSETCATALOG_COMPILER_APPICON_NAME = AppIcon;
				CODE_SIGN_STYLE = Automatic;
				INFOPLIST_FILE = CoolChat/Info.plist;
				LD_RUNPATH_SEARCH_PATHS = (
					"$(inherited)",
					"@executable_path/Frameworks",
				);
				PRODUCT_BUNDLE_IDENTIFIER = ict.CoolChat;
				PRODUCT_NAME = "$(TARGET_NAME)";
				SWIFT_VERSION = 4.0;
				TARGETED_DEVICE_FAMILY = "1,2";
			};
			name = Debug;
		};
		CBD5248E20F77B4400DACD61 /* Release */ = {
			isa = XCBuildConfiguration;
			buildSettings = {
				ASSETCATALOG_COMPILER_APPICON_NAME = AppIcon;
				CODE_SIGN_STYLE = Automatic;
				INFOPLIST_FILE = CoolChat/Info.plist;
				LD_RUNPATH_SEARCH_PATHS = (
					"$(inherited)",
					"@executable_path/Frameworks",
				);
				PRODUCT_BUNDLE_IDENTIFIER = ict.CoolChat;
				PRODUCT_NAME = "$(TARGET_NAME)";
				SWIFT_VERSION = 4.0;
				TARGETED_DEVICE_FAMILY = "1,2";
			};
			name = Release;
		};
/* End XCBuildConfiguration section */

/* Begin XCConfigurationList section */
		CBD5247520F77B3C00DACD61 /* Build configuration list for PBXProject "CoolChat" */ = {
			isa = XCConfigurationList;
			buildConfigurations = (
				CBD5248A20F77B4400DACD61 /* Debug */,
				CBD5248B20F77B4400DACD61 /* Release */,
			);
			defaultConfigurationIsVisible = 0;
			defaultConfigurationName = Release;
		};
		CBD5248C20F77B4400DACD61 /* Build configuration list for PBXNativeTarget "CoolChat" */ = {
			isa = XCConfigurationList;
			buildConfigurations = (
				CBD5248D20F77B4400DACD61 /* Debug */,
				CBD5248E20F77B4400DACD61 /* Release */,
			);
			defaultConfigurationIsVisible = 0;
			defaultConfigurationName = Release;
		};
/* End XCConfigurationList section */
	};
	rootObject = CBD5247220F77B3C00DACD61 /* Project object */;
}
